Microsoft Visual Studio Solution File, Format Version 12.00
# Visual Studio Version 17
VisualStudioVersion = 17.10.35013.160
MinimumVisualStudioVersion = 10.0.40219.1
Project("{FAE04EC0-301F-11D3-BF4B-00C04F79EFBC}") = "AspireApp3.AppHost", "AspireApp3.AppHost\AspireApp3.AppHost.csproj", "{A7FDECC9-C5B2-4D19-8514-74F10C24C6AF}"
EndProject
Project("{9A19103F-16F7-4668-BE54-9A1E7A4F7556}") = "AspireApp3.ServiceDefaults", "AspireApp3.ServiceDefaults\AspireApp3.ServiceDefaults.csproj", "{80224072-89A8-4F29-BB86-743C993A1477}"
EndProject
Project("{9A19103F-16F7-4668-BE54-9A1E7A4F7556}") = "AspireApp3.ApiService", "AspireApp3.ApiService\AspireApp3.ApiService.csproj", "{85B1416C-82AB-4D05-AE1B-E8B2F3DE4BB3}"
EndProject
Project("{9A19103F-16F7-4668-BE54-9A1E7A4F7556}") = "AspireApp3.Web", "AspireApp3.Web\AspireApp3.Web.csproj", "{4787E0D1-A8F8-4E50-9963-D19D35B298F5}"
EndProject
Global
	GlobalSection(SolutionConfigurationPlatforms) = preSolution
		Debug|Any CPU = Debug|Any CPU
		Release|Any CPU = Release|Any CPU
	EndGlobalSection
	GlobalSection(ProjectConfigurationPlatforms) = postSolution
		{A7FDECC9-C5B2-4D19-8514-74F10C24C6AF}.Debug|Any CPU.ActiveCfg = Debug|Any CPU
		{A7FDECC9-C5B2-4D19-8514-74F10C24C6AF}.Debug|Any CPU.Build.0 = Debug|Any CPU
		{A7FDECC9-C5B2-4D19-8514-74F10C24C6AF}.Release|Any CPU.ActiveCfg = Release|Any CPU
		{A7FDECC9-C5B2-4D19-8514-74F10C24C6AF}.Release|Any CPU.Build.0 = Release|Any CPU
		{80224072-89A8-4F29-BB86-743C993A1477}.Debug|Any CPU.ActiveCfg = Debug|Any CPU
		{80224072-89A8-4F29-BB86-743C993A1477}.Debug|Any CPU.Build.0 = Debug|Any CPU
		{80224072-89A8-4F29-BB86-743C993A1477}.Release|Any CPU.ActiveCfg = Release|Any CPU
		{80224072-89A8-4F29-BB86-743C993A1477}.Release|Any CPU.Build.0 = Release|Any CPU
		{85B1416C-82AB-4D05-AE1B-E8B2F3DE4BB3}.Debug|Any CPU.ActiveCfg = Debug|Any CPU
		{85B1416C-82AB-4D05-AE1B-E8B2F3DE4BB3}.Debug|Any CPU.Build.0 = Debug|Any CPU
		{85B1416C-82AB-4D05-AE1B-E8B2F3DE4BB3}.Release|Any CPU.ActiveCfg = Release|Any CPU
		{85B1416C-82AB-4D05-AE1B-E8B2F3DE4BB3}.Release|Any CPU.Build.0 = Release|Any CPU
		{4787E0D1-A8F8-4E50-9963-D19D35B298F5}.Debug|Any CPU.ActiveCfg = Debug|Any CPU
		{4787E0D1-A8F8-4E50-9963-D19D35B298F5}.Debug|Any CPU.Build.0 = Debug|Any CPU
		{4787E0D1-A8F8-4E50-9963-D19D35B298F5}.Release|Any CPU.ActiveCfg = Release|Any CPU
		{4787E0D1-A8F8-4E50-9963-D19D35B298F5}.Release|Any CPU.Build.0 = Release|Any CPU
	EndGlobalSection
	GlobalSection(SolutionProperties) = preSolution
		HideSolutionNode = FALSE
	EndGlobalSection
	GlobalSection(ExtensibilityGlobals) = postSolution
		SolutionGuid = {9875B3CD-CFE0-4865-9B0E-9B91A3AE55B3}
	EndGlobalSection
EndGlobal
